
Microsoft Visual Studio Solution File, Format Version 11.00
# Visual Studio 2010
Project("{2150E333-8FDC-42A3-9474-1A3956D46DE8}") = "Business", "Business", "{30CAD3C0-C62A-489A-91F1-FE73C8AD5A50}"
EndProject
Project("{FAE04EC0-301F-11D3-BF4B-00C04F79EFBC}") = "VecoBusiness", "VecoBusiness\VecoBusiness.csproj", "{788FFCD4-0D47-493B-AB4B-08A61F3115B5}"
EndProject
Project("{2150E333-8FDC-42A3-9474-1A3956D46DE8}") = "VecoModel", "VecoModel", "{DE164F24-8906-4090-B512-45CC2FC49C21}"
EndProject
Project("{FAE04EC0-301F-11D3-BF4B-00C04F79EFBC}") = "VecoModels", "VecoModels\VecoModels.csproj", "{50C21A26-0E54-4EF5-A91E-F70E822F7BA9}"
EndProject
Project("{2150E333-8FDC-42A3-9474-1A3956D46DE8}") = "VecoService", "VecoService", "{45C4F2E3-78A6-48FB-AE80-47AF0C4A1522}"
EndProject
Project("{2150E333-8FDC-42A3-9474-1A3956D46DE8}") = "002Admin", "002Admin", "{21BF9EC5-B5DA-446B-B75C-00F84CE0268B}"
EndProject
Project("{2150E333-8FDC-42A3-9474-1A3956D46DE8}") = "001Client", "001Client", "{F9B83248-609F-45BF-8977-3963A070F56C}"
EndProject
Project("{2150E333-8FDC-42A3-9474-1A3956D46DE8}") = "AdminLogics", "AdminLogics", "{698A46F2-01F9-4603-A014-5AF7234C0121}"
EndProject
Project("{FAE04EC0-301F-11D3-BF4B-00C04F79EFBC}") = "AdminLogics", "AdminLogics\AdminLogics.csproj", "{B0245579-FD79-4050-ACB4-93C0EAC5A05C}"
EndProject
Project("{2150E333-8FDC-42A3-9474-1A3956D46DE8}") = "AdminApp", "AdminApp", "{9D609FE5-59CA-4959-A87F-27B43BEE4299}"
EndProject
Project("{2150E333-8FDC-42A3-9474-1A3956D46DE8}") = "AdminModels", "AdminModels", "{AAA00CC7-9503-4540-A667-35EBFEF405F8}"
EndProject
Project("{FAE04EC0-301F-11D3-BF4B-00C04F79EFBC}") = "CustomerBillModel", "CustomerBillModel\CustomerBillModel.csproj", "{FE8E46B2-B2DE-41B9-A586-7A43C831908A}"
EndProject
Project("{FAE04EC0-301F-11D3-BF4B-00C04F79EFBC}") = "VecoApp", "VecoApp\VecoApp.csproj", "{7C65CB73-270C-4041-9FCE-236D1F63A211}"
EndProject
Project("{FAE04EC0-301F-11D3-BF4B-00C04F79EFBC}") = "VECOWCFService", "VECOWCFService\VECOWCFService.csproj", "{6A19EDBF-72D5-4870-970E-A1330F4F05DD}"
EndProject
Project("{2150E333-8FDC-42A3-9474-1A3956D46DE8}") = "Host", "Host", "{6F90CD81-A0CE-43F0-B01A-C5009CDCED80}"
EndProject
Project("{FAE04EC0-301F-11D3-BF4B-00C04F79EFBC}") = "VECOHost", "VECOHost\VECOHost.csproj", "{F3D17952-B78C-4180-8058-F22D5432BEFC}"
EndProject
Project("{FAE04EC0-301F-11D3-BF4B-00C04F79EFBC}") = "VECOService", "VECOService\VECOService.csproj", "{4D6FAA92-A363-4393-880F-0FF59CD1492E}"
EndProject
Global
	GlobalSection(SolutionConfigurationPlatforms) = preSolution
		Debug|Any CPU = Debug|Any CPU
		Debug|Mixed Platforms = Debug|Mixed Platforms
		Debug|x86 = Debug|x86
		Release|Any CPU = Release|Any CPU
		Release|Mixed Platforms = Release|Mixed Platforms
		Release|x86 = Release|x86
	EndGlobalSection
	GlobalSection(ProjectConfigurationPlatforms) = postSolution
		{788FFCD4-0D47-493B-AB4B-08A61F3115B5}.Debug|Any CPU.ActiveCfg = Debug|Any CPU
		{788FFCD4-0D47-493B-AB4B-08A61F3115B5}.Debug|Any CPU.Build.0 = Debug|Any CPU
		{788FFCD4-0D47-493B-AB4B-08A61F3115B5}.Debug|Mixed Platforms.ActiveCfg = Debug|Any CPU
		{788FFCD4-0D47-493B-AB4B-08A61F3115B5}.Debug|Mixed Platforms.Build.0 = Debug|Any CPU
		{788FFCD4-0D47-493B-AB4B-08A61F3115B5}.Debug|x86.ActiveCfg = Debug|Any CPU
		{788FFCD4-0D47-493B-AB4B-08A61F3115B5}.Release|Any CPU.ActiveCfg = Release|Any CPU
		{788FFCD4-0D47-493B-AB4B-08A61F3115B5}.Release|Any CPU.Build.0 = Release|Any CPU
		{788FFCD4-0D47-493B-AB4B-08A61F3115B5}.Release|Mixed Platforms.ActiveCfg = Release|Any CPU
		{788FFCD4-0D47-493B-AB4B-08A61F3115B5}.Release|Mixed Platforms.Build.0 = Release|Any CPU
		{788FFCD4-0D47-493B-AB4B-08A61F3115B5}.Release|x86.ActiveCfg = Release|Any CPU
		{50C21A26-0E54-4EF5-A91E-F70E822F7BA9}.Debug|Any CPU.ActiveCfg = Debug|Any CPU
		{50C21A26-0E54-4EF5-A91E-F70E822F7BA9}.Debug|Any CPU.Build.0 = Debug|Any CPU
		{50C21A26-0E54-4EF5-A91E-F70E822F7BA9}.Debug|Mixed Platforms.ActiveCfg = Debug|Any CPU
		{50C21A26-0E54-4EF5-A91E-F70E822F7BA9}.Debug|Mixed Platforms.Build.0 = Debug|Any CPU
		{50C21A26-0E54-4EF5-A91E-F70E822F7BA9}.Debug|x86.ActiveCfg = Debug|Any CPU
		{50C21A26-0E54-4EF5-A91E-F70E822F7BA9}.Release|Any CPU.ActiveCfg = Release|Any CPU
		{50C21A26-0E54-4EF5-A91E-F70E822F7BA9}.Release|Any CPU.Build.0 = Release|Any CPU
		{50C21A26-0E54-4EF5-A91E-F70E822F7BA9}.Release|Mixed Platforms.ActiveCfg = Release|Any CPU
		{50C21A26-0E54-4EF5-A91E-F70E822F7BA9}.Release|Mixed Platforms.Build.0 = Release|Any CPU
		{50C21A26-0E54-4EF5-A91E-F70E822F7BA9}.Release|x86.ActiveCfg = Release|Any CPU
		{B0245579-FD79-4050-ACB4-93C0EAC5A05C}.Debug|Any CPU.ActiveCfg = Debug|Any CPU
		{B0245579-FD79-4050-ACB4-93C0EAC5A05C}.Debug|Any CPU.Build.0 = Debug|Any CPU
		{B0245579-FD79-4050-ACB4-93C0EAC5A05C}.Debug|Mixed Platforms.ActiveCfg = Debug|Any CPU
		{B0245579-FD79-4050-ACB4-93C0EAC5A05C}.Debug|Mixed Platforms.Build.0 = Debug|Any CPU
		{B0245579-FD79-4050-ACB4-93C0EAC5A05C}.Debug|x86.ActiveCfg = Debug|Any CPU
		{B0245579-FD79-4050-ACB4-93C0EAC5A05C}.Release|Any CPU.ActiveCfg = Release|Any CPU
		{B0245579-FD79-4050-ACB4-93C0EAC5A05C}.Release|Any CPU.Build.0 = Release|Any CPU
		{B0245579-FD79-4050-ACB4-93C0EAC5A05C}.Release|Mixed Platforms.ActiveCfg = Release|Any CPU
		{B0245579-FD79-4050-ACB4-93C0EAC5A05C}.Release|Mixed Platforms.Build.0 = Release|Any CPU
		{B0245579-FD79-4050-ACB4-93C0EAC5A05C}.Release|x86.ActiveCfg = Release|Any CPU
		{FE8E46B2-B2DE-41B9-A586-7A43C831908A}.Debug|Any CPU.ActiveCfg = Debug|Any CPU
		{FE8E46B2-B2DE-41B9-A586-7A43C831908A}.Debug|Any CPU.Build.0 = Debug|Any CPU
		{FE8E46B2-B2DE-41B9-A586-7A43C831908A}.Debug|Mixed Platforms.ActiveCfg = Debug|Any CPU
		{FE8E46B2-B2DE-41B9-A586-7A43C831908A}.Debug|Mixed Platforms.Build.0 = Debug|Any CPU
		{FE8E46B2-B2DE-41B9-A586-7A43C831908A}.Debug|x86.ActiveCfg = Debug|Any CPU
		{FE8E46B2-B2DE-41B9-A586-7A43C831908A}.Release|Any CPU.ActiveCfg = Release|Any CPU
		{FE8E46B2-B2DE-41B9-A586-7A43C831908A}.Release|Any CPU.Build.0 = Release|Any CPU
		{FE8E46B2-B2DE-41B9-A586-7A43C831908A}.Release|Mixed Platforms.ActiveCfg = Release|Any CPU
		{FE8E46B2-B2DE-41B9-A586-7A43C831908A}.Release|Mixed Platforms.Build.0 = Release|Any CPU
		{FE8E46B2-B2DE-41B9-A586-7A43C831908A}.Release|x86.ActiveCfg = Release|Any CPU
		{7C65CB73-270C-4041-9FCE-236D1F63A211}.Debug|Any CPU.ActiveCfg = Debug|x86
		{7C65CB73-270C-4041-9FCE-236D1F63A211}.Debug|Mixed Platforms.ActiveCfg = Debug|x86
		{7C65CB73-270C-4041-9FCE-236D1F63A211}.Debug|Mixed Platforms.Build.0 = Debug|x86
		{7C65CB73-270C-4041-9FCE-236D1F63A211}.Debug|x86.ActiveCfg = Debug|x86
		{7C65CB73-270C-4041-9FCE-236D1F63A211}.Debug|x86.Build.0 = Debug|x86
		{7C65CB73-270C-4041-9FCE-236D1F63A211}.Release|Any CPU.ActiveCfg = Release|x86
		{7C65CB73-270C-4041-9FCE-236D1F63A211}.Release|Mixed Platforms.ActiveCfg = Release|x86
		{7C65CB73-270C-4041-9FCE-236D1F63A211}.Release|Mixed Platforms.Build.0 = Release|x86
		{7C65CB73-270C-4041-9FCE-236D1F63A211}.Release|x86.ActiveCfg = Release|x86
		{7C65CB73-270C-4041-9FCE-236D1F63A211}.Release|x86.Build.0 = Release|x86
		{6A19EDBF-72D5-4870-970E-A1330F4F05DD}.Debug|Any CPU.ActiveCfg = Debug|Any CPU
		{6A19EDBF-72D5-4870-970E-A1330F4F05DD}.Debug|Any CPU.Build.0 = Debug|Any CPU
		{6A19EDBF-72D5-4870-970E-A1330F4F05DD}.Debug|Mixed Platforms.ActiveCfg = Debug|Any CPU
		{6A19EDBF-72D5-4870-970E-A1330F4F05DD}.Debug|Mixed Platforms.Build.0 = Debug|Any CPU
		{6A19EDBF-72D5-4870-970E-A1330F4F05DD}.Debug|x86.ActiveCfg = Debug|Any CPU
		{6A19EDBF-72D5-4870-970E-A1330F4F05DD}.Release|Any CPU.ActiveCfg = Release|Any CPU
		{6A19EDBF-72D5-4870-970E-A1330F4F05DD}.Release|Any CPU.Build.0 = Release|Any CPU
		{6A19EDBF-72D5-4870-970E-A1330F4F05DD}.Release|Mixed Platforms.ActiveCfg = Release|Any CPU
		{6A19EDBF-72D5-4870-970E-A1330F4F05DD}.Release|Mixed Platforms.Build.0 = Release|Any CPU
		{6A19EDBF-72D5-4870-970E-A1330F4F05DD}.Release|x86.ActiveCfg = Release|Any CPU
		{F3D17952-B78C-4180-8058-F22D5432BEFC}.Debug|Any CPU.ActiveCfg = Debug|x86
		{F3D17952-B78C-4180-8058-F22D5432BEFC}.Debug|Mixed Platforms.ActiveCfg = Debug|x86
		{F3D17952-B78C-4180-8058-F22D5432BEFC}.Debug|Mixed Platforms.Build.0 = Debug|x86
		{F3D17952-B78C-4180-8058-F22D5432BEFC}.Debug|x86.ActiveCfg = Debug|x86
		{F3D17952-B78C-4180-8058-F22D5432BEFC}.Debug|x86.Build.0 = Debug|x86
		{F3D17952-B78C-4180-8058-F22D5432BEFC}.Release|Any CPU.ActiveCfg = Release|x86
		{F3D17952-B78C-4180-8058-F22D5432BEFC}.Release|Mixed Platforms.ActiveCfg = Release|x86
		{F3D17952-B78C-4180-8058-F22D5432BEFC}.Release|Mixed Platforms.Build.0 = Release|x86
		{F3D17952-B78C-4180-8058-F22D5432BEFC}.Release|x86.ActiveCfg = Release|x86
		{F3D17952-B78C-4180-8058-F22D5432BEFC}.Release|x86.Build.0 = Release|x86
		{4D6FAA92-A363-4393-880F-0FF59CD1492E}.Debug|Any CPU.ActiveCfg = Debug|Any CPU
		{4D6FAA92-A363-4393-880F-0FF59CD1492E}.Debug|Any CPU.Build.0 = Debug|Any CPU
		{4D6FAA92-A363-4393-880F-0FF59CD1492E}.Debug|Mixed Platforms.ActiveCfg = Debug|Any CPU
		{4D6FAA92-A363-4393-880F-0FF59CD1492E}.Debug|Mixed Platforms.Build.0 = Debug|Any CPU
		{4D6FAA92-A363-4393-880F-0FF59CD1492E}.Debug|x86.ActiveCfg = Debug|Any CPU
		{4D6FAA92-A363-4393-880F-0FF59CD1492E}.Release|Any CPU.ActiveCfg = Release|Any CPU
		{4D6FAA92-A363-4393-880F-0FF59CD1492E}.Release|Any CPU.Build.0 = Release|Any CPU
		{4D6FAA92-A363-4393-880F-0FF59CD1492E}.Release|Mixed Platforms.ActiveCfg = Release|Any CPU
		{4D6FAA92-A363-4393-880F-0FF59CD1492E}.Release|Mixed Platforms.Build.0 = Release|Any CPU
		{4D6FAA92-A363-4393-880F-0FF59CD1492E}.Release|x86.ActiveCfg = Release|Any CPU
	EndGlobalSection
	GlobalSection(SolutionProperties) = preSolution
		HideSolutionNode = FALSE
	EndGlobalSection
	GlobalSection(NestedProjects) = preSolution
		{30CAD3C0-C62A-489A-91F1-FE73C8AD5A50} = {F9B83248-609F-45BF-8977-3963A070F56C}
		{DE164F24-8906-4090-B512-45CC2FC49C21} = {F9B83248-609F-45BF-8977-3963A070F56C}
		{45C4F2E3-78A6-48FB-AE80-47AF0C4A1522} = {F9B83248-609F-45BF-8977-3963A070F56C}
		{6F90CD81-A0CE-43F0-B01A-C5009CDCED80} = {F9B83248-609F-45BF-8977-3963A070F56C}
		{788FFCD4-0D47-493B-AB4B-08A61F3115B5} = {30CAD3C0-C62A-489A-91F1-FE73C8AD5A50}
		{50C21A26-0E54-4EF5-A91E-F70E822F7BA9} = {DE164F24-8906-4090-B512-45CC2FC49C21}
		{6A19EDBF-72D5-4870-970E-A1330F4F05DD} = {45C4F2E3-78A6-48FB-AE80-47AF0C4A1522}
		{4D6FAA92-A363-4393-880F-0FF59CD1492E} = {45C4F2E3-78A6-48FB-AE80-47AF0C4A1522}
		{698A46F2-01F9-4603-A014-5AF7234C0121} = {21BF9EC5-B5DA-446B-B75C-00F84CE0268B}
		{9D609FE5-59CA-4959-A87F-27B43BEE4299} = {21BF9EC5-B5DA-446B-B75C-00F84CE0268B}
		{AAA00CC7-9503-4540-A667-35EBFEF405F8} = {21BF9EC5-B5DA-446B-B75C-00F84CE0268B}
		{B0245579-FD79-4050-ACB4-93C0EAC5A05C} = {698A46F2-01F9-4603-A014-5AF7234C0121}
		{7C65CB73-270C-4041-9FCE-236D1F63A211} = {9D609FE5-59CA-4959-A87F-27B43BEE4299}
		{FE8E46B2-B2DE-41B9-A586-7A43C831908A} = {AAA00CC7-9503-4540-A667-35EBFEF405F8}
		{F3D17952-B78C-4180-8058-F22D5432BEFC} = {6F90CD81-A0CE-43F0-B01A-C5009CDCED80}
	EndGlobalSection
EndGlobal
