
Microsoft Visual Studio Solution File, Format Version 11.00
# Visual Studio 2010
Project("{FAE04EC0-301F-11D3-BF4B-00C04F79EFBC}") = "Globe", "Globe\Globe.csproj", "{D7973AE8-30DD-4A50-B0E8-D4FCB4990FCC}"
EndProject
Project("{2150E333-8FDC-42A3-9474-1A3956D46DE8}") = "001Client", "001Client", "{EA0E974E-459B-4E48-8930-5FC5CA567DA6}"
EndProject
Project("{2150E333-8FDC-42A3-9474-1A3956D46DE8}") = "002Admin", "002Admin", "{D1033825-9ABB-4DA6-9FC6-587499F4FB0C}"
EndProject
Project("{2150E333-8FDC-42A3-9474-1A3956D46DE8}") = "Models", "Models", "{DDB18CFA-E150-4805-B053-D72D88630E5C}"
EndProject
Project("{FAE04EC0-301F-11D3-BF4B-00C04F79EFBC}") = "Models", "Models\Models.csproj", "{6061817A-2178-4BEC-BD56-68D14D424CCA}"
EndProject
Project("{2150E333-8FDC-42A3-9474-1A3956D46DE8}") = "Business", "Business", "{04082723-45EC-470E-B3BD-507EC6D7954F}"
EndProject
Project("{FAE04EC0-301F-11D3-BF4B-00C04F79EFBC}") = "Business", "Business\Business.csproj", "{31D27E4D-F5E0-4673-BBC6-37B4A844E1B3}"
EndProject
Project("{2150E333-8FDC-42A3-9474-1A3956D46DE8}") = "Service", "Service", "{3EE6F349-39AC-4E9B-A907-CB85DA0F6ADC}"
EndProject
Project("{FAE04EC0-301F-11D3-BF4B-00C04F79EFBC}") = "GlobeService", "GlobeService\GlobeService.csproj", "{423A106A-6911-457A-AC59-4F284EA15FD8}"
EndProject
Project("{2150E333-8FDC-42A3-9474-1A3956D46DE8}") = "Business", "Business", "{6688C7A6-6D60-499F-9DA3-FCAEA5831033}"
EndProject
Project("{FAE04EC0-301F-11D3-BF4B-00C04F79EFBC}") = "AdminBusiness", "AdminBusiness\AdminBusiness.csproj", "{3FA25740-853F-4E77-840C-57A2C45222DC}"
EndProject
Project("{2150E333-8FDC-42A3-9474-1A3956D46DE8}") = "Admin App", "Admin App", "{91E34B44-FEF0-42C7-B79D-1A90FDBC8F53}"
EndProject
Project("{2150E333-8FDC-42A3-9474-1A3956D46DE8}") = "Models", "Models", "{42A870A6-F26B-494D-8DEF-1F86CCA8BBFA}"
EndProject
Project("{FAE04EC0-301F-11D3-BF4B-00C04F79EFBC}") = "AdminModels", "AdminModels\AdminModels.csproj", "{D1DF11A5-7483-4B0F-B20E-B0A833D70A0F}"
EndProject
Global
	GlobalSection(SolutionConfigurationPlatforms) = preSolution
		Debug|Any CPU = Debug|Any CPU
		Debug|Mixed Platforms = Debug|Mixed Platforms
		Debug|x86 = Debug|x86
		Release|Any CPU = Release|Any CPU
		Release|Mixed Platforms = Release|Mixed Platforms
		Release|x86 = Release|x86
	EndGlobalSection
	GlobalSection(ProjectConfigurationPlatforms) = postSolution
		{D7973AE8-30DD-4A50-B0E8-D4FCB4990FCC}.Debug|Any CPU.ActiveCfg = Debug|x86
		{D7973AE8-30DD-4A50-B0E8-D4FCB4990FCC}.Debug|Mixed Platforms.ActiveCfg = Debug|x86
		{D7973AE8-30DD-4A50-B0E8-D4FCB4990FCC}.Debug|Mixed Platforms.Build.0 = Debug|x86
		{D7973AE8-30DD-4A50-B0E8-D4FCB4990FCC}.Debug|x86.ActiveCfg = Debug|x86
		{D7973AE8-30DD-4A50-B0E8-D4FCB4990FCC}.Debug|x86.Build.0 = Debug|x86
		{D7973AE8-30DD-4A50-B0E8-D4FCB4990FCC}.Release|Any CPU.ActiveCfg = Release|x86
		{D7973AE8-30DD-4A50-B0E8-D4FCB4990FCC}.Release|Mixed Platforms.ActiveCfg = Release|x86
		{D7973AE8-30DD-4A50-B0E8-D4FCB4990FCC}.Release|Mixed Platforms.Build.0 = Release|x86
		{D7973AE8-30DD-4A50-B0E8-D4FCB4990FCC}.Release|x86.ActiveCfg = Release|x86
		{D7973AE8-30DD-4A50-B0E8-D4FCB4990FCC}.Release|x86.Build.0 = Release|x86
		{6061817A-2178-4BEC-BD56-68D14D424CCA}.Debug|Any CPU.ActiveCfg = Debug|Any CPU
		{6061817A-2178-4BEC-BD56-68D14D424CCA}.Debug|Any CPU.Build.0 = Debug|Any CPU
		{6061817A-2178-4BEC-BD56-68D14D424CCA}.Debug|Mixed Platforms.ActiveCfg = Debug|Any CPU
		{6061817A-2178-4BEC-BD56-68D14D424CCA}.Debug|Mixed Platforms.Build.0 = Debug|Any CPU
		{6061817A-2178-4BEC-BD56-68D14D424CCA}.Debug|x86.ActiveCfg = Debug|Any CPU
		{6061817A-2178-4BEC-BD56-68D14D424CCA}.Release|Any CPU.ActiveCfg = Release|Any CPU
		{6061817A-2178-4BEC-BD56-68D14D424CCA}.Release|Any CPU.Build.0 = Release|Any CPU
		{6061817A-2178-4BEC-BD56-68D14D424CCA}.Release|Mixed Platforms.ActiveCfg = Release|Any CPU
		{6061817A-2178-4BEC-BD56-68D14D424CCA}.Release|Mixed Platforms.Build.0 = Release|Any CPU
		{6061817A-2178-4BEC-BD56-68D14D424CCA}.Release|x86.ActiveCfg = Release|Any CPU
		{31D27E4D-F5E0-4673-BBC6-37B4A844E1B3}.Debug|Any CPU.ActiveCfg = Debug|Any CPU
		{31D27E4D-F5E0-4673-BBC6-37B4A844E1B3}.Debug|Any CPU.Build.0 = Debug|Any CPU
		{31D27E4D-F5E0-4673-BBC6-37B4A844E1B3}.Debug|Mixed Platforms.ActiveCfg = Debug|Any CPU
		{31D27E4D-F5E0-4673-BBC6-37B4A844E1B3}.Debug|Mixed Platforms.Build.0 = Debug|Any CPU
		{31D27E4D-F5E0-4673-BBC6-37B4A844E1B3}.Debug|x86.ActiveCfg = Debug|Any CPU
		{31D27E4D-F5E0-4673-BBC6-37B4A844E1B3}.Release|Any CPU.ActiveCfg = Release|Any CPU
		{31D27E4D-F5E0-4673-BBC6-37B4A844E1B3}.Release|Any CPU.Build.0 = Release|Any CPU
		{31D27E4D-F5E0-4673-BBC6-37B4A844E1B3}.Release|Mixed Platforms.ActiveCfg = Release|Any CPU
		{31D27E4D-F5E0-4673-BBC6-37B4A844E1B3}.Release|Mixed Platforms.Build.0 = Release|Any CPU
		{31D27E4D-F5E0-4673-BBC6-37B4A844E1B3}.Release|x86.ActiveCfg = Release|Any CPU
		{423A106A-6911-457A-AC59-4F284EA15FD8}.Debug|Any CPU.ActiveCfg = Debug|Any CPU
		{423A106A-6911-457A-AC59-4F284EA15FD8}.Debug|Any CPU.Build.0 = Debug|Any CPU
		{423A106A-6911-457A-AC59-4F284EA15FD8}.Debug|Mixed Platforms.ActiveCfg = Debug|Any CPU
		{423A106A-6911-457A-AC59-4F284EA15FD8}.Debug|Mixed Platforms.Build.0 = Debug|Any CPU
		{423A106A-6911-457A-AC59-4F284EA15FD8}.Debug|x86.ActiveCfg = Debug|Any CPU
		{423A106A-6911-457A-AC59-4F284EA15FD8}.Release|Any CPU.ActiveCfg = Release|Any CPU
		{423A106A-6911-457A-AC59-4F284EA15FD8}.Release|Any CPU.Build.0 = Release|Any CPU
		{423A106A-6911-457A-AC59-4F284EA15FD8}.Release|Mixed Platforms.ActiveCfg = Release|Any CPU
		{423A106A-6911-457A-AC59-4F284EA15FD8}.Release|Mixed Platforms.Build.0 = Release|Any CPU
		{423A106A-6911-457A-AC59-4F284EA15FD8}.Release|x86.ActiveCfg = Release|Any CPU
		{3FA25740-853F-4E77-840C-57A2C45222DC}.Debug|Any CPU.ActiveCfg = Debug|Any CPU
		{3FA25740-853F-4E77-840C-57A2C45222DC}.Debug|Any CPU.Build.0 = Debug|Any CPU
		{3FA25740-853F-4E77-840C-57A2C45222DC}.Debug|Mixed Platforms.ActiveCfg = Debug|Any CPU
		{3FA25740-853F-4E77-840C-57A2C45222DC}.Debug|Mixed Platforms.Build.0 = Debug|Any CPU
		{3FA25740-853F-4E77-840C-57A2C45222DC}.Debug|x86.ActiveCfg = Debug|Any CPU
		{3FA25740-853F-4E77-840C-57A2C45222DC}.Release|Any CPU.ActiveCfg = Release|Any CPU
		{3FA25740-853F-4E77-840C-57A2C45222DC}.Release|Any CPU.Build.0 = Release|Any CPU
		{3FA25740-853F-4E77-840C-57A2C45222DC}.Release|Mixed Platforms.ActiveCfg = Release|Any CPU
		{3FA25740-853F-4E77-840C-57A2C45222DC}.Release|Mixed Platforms.Build.0 = Release|Any CPU
		{3FA25740-853F-4E77-840C-57A2C45222DC}.Release|x86.ActiveCfg = Release|Any CPU
		{D1DF11A5-7483-4B0F-B20E-B0A833D70A0F}.Debug|Any CPU.ActiveCfg = Debug|Any CPU
		{D1DF11A5-7483-4B0F-B20E-B0A833D70A0F}.Debug|Any CPU.Build.0 = Debug|Any CPU
		{D1DF11A5-7483-4B0F-B20E-B0A833D70A0F}.Debug|Mixed Platforms.ActiveCfg = Debug|Any CPU
		{D1DF11A5-7483-4B0F-B20E-B0A833D70A0F}.Debug|Mixed Platforms.Build.0 = Debug|Any CPU
		{D1DF11A5-7483-4B0F-B20E-B0A833D70A0F}.Debug|x86.ActiveCfg = Debug|Any CPU
		{D1DF11A5-7483-4B0F-B20E-B0A833D70A0F}.Release|Any CPU.ActiveCfg = Release|Any CPU
		{D1DF11A5-7483-4B0F-B20E-B0A833D70A0F}.Release|Any CPU.Build.0 = Release|Any CPU
		{D1DF11A5-7483-4B0F-B20E-B0A833D70A0F}.Release|Mixed Platforms.ActiveCfg = Release|Any CPU
		{D1DF11A5-7483-4B0F-B20E-B0A833D70A0F}.Release|Mixed Platforms.Build.0 = Release|Any CPU
		{D1DF11A5-7483-4B0F-B20E-B0A833D70A0F}.Release|x86.ActiveCfg = Release|Any CPU
	EndGlobalSection
	GlobalSection(SolutionProperties) = preSolution
		HideSolutionNode = FALSE
	EndGlobalSection
	GlobalSection(NestedProjects) = preSolution
		{DDB18CFA-E150-4805-B053-D72D88630E5C} = {EA0E974E-459B-4E48-8930-5FC5CA567DA6}
		{04082723-45EC-470E-B3BD-507EC6D7954F} = {EA0E974E-459B-4E48-8930-5FC5CA567DA6}
		{3EE6F349-39AC-4E9B-A907-CB85DA0F6ADC} = {EA0E974E-459B-4E48-8930-5FC5CA567DA6}
		{6688C7A6-6D60-499F-9DA3-FCAEA5831033} = {D1033825-9ABB-4DA6-9FC6-587499F4FB0C}
		{91E34B44-FEF0-42C7-B79D-1A90FDBC8F53} = {D1033825-9ABB-4DA6-9FC6-587499F4FB0C}
		{42A870A6-F26B-494D-8DEF-1F86CCA8BBFA} = {D1033825-9ABB-4DA6-9FC6-587499F4FB0C}
		{6061817A-2178-4BEC-BD56-68D14D424CCA} = {DDB18CFA-E150-4805-B053-D72D88630E5C}
		{31D27E4D-F5E0-4673-BBC6-37B4A844E1B3} = {04082723-45EC-470E-B3BD-507EC6D7954F}
		{423A106A-6911-457A-AC59-4F284EA15FD8} = {3EE6F349-39AC-4E9B-A907-CB85DA0F6ADC}
		{3FA25740-853F-4E77-840C-57A2C45222DC} = {6688C7A6-6D60-499F-9DA3-FCAEA5831033}
		{D7973AE8-30DD-4A50-B0E8-D4FCB4990FCC} = {91E34B44-FEF0-42C7-B79D-1A90FDBC8F53}
		{D1DF11A5-7483-4B0F-B20E-B0A833D70A0F} = {42A870A6-F26B-494D-8DEF-1F86CCA8BBFA}
	EndGlobalSection
EndGlobal
